
Microsoft Visual Studio Solution File, Format Version 12.00
# Visual Studio Version 17
VisualStudioVersion = 17.14.36202.13
MinimumVisualStudioVersion = 10.0.40219.1
Project("{FAE04EC0-301F-11D3-BF4B-00C04F79EFBC}") = "UdemyClone", "UdemyClone.csproj", "{3436F378-C3BE-4E13-94AA-0D9951165777}"
EndProject
Project("{FAE04EC0-301F-11D3-BF4B-00C04F79EFBC}") = "UdemyClone.Models", "..\UdemyClone.Models\UdemyClone.Models.csproj", "{46BF834E-E4A4-40A0-BDCB-9E6A36D41E46}"
EndProject
Project("{FAE04EC0-301F-11D3-BF4B-00C04F79EFBC}") = "UdemyClone.DataAccess", "..\UdemyClone.DataAccess\UdemyClone.DataAccess.csproj", "{8F1987FE-F6FF-479C-84D5-654F955648D9}"
EndProject
Project("{FAE04EC0-301F-11D3-BF4B-00C04F79EFBC}") = "UdemyClone.Common", "..\UdemyClone.Common\UdemyClone.Common.csproj", "{0D56BEE3-968D-4340-AD82-37CCB407A4E2}"
EndProject
Project("{FAE04EC0-301F-11D3-BF4B-00C04F79EFBC}") = "UdemyClone.Services", "..\UdemyClone.Services\UdemyClone.Services.csproj", "{CF881BBB-4C5A-4235-AC73-5B9FBAB1F6A6}"
EndProject
Global
	GlobalSection(SolutionConfigurationPlatforms) = preSolution
		Debug|Any CPU = Debug|Any CPU
		Release|Any CPU = Release|Any CPU
	EndGlobalSection
	GlobalSection(ProjectConfigurationPlatforms) = postSolution
		{3436F378-C3BE-4E13-94AA-0D9951165777}.Debug|Any CPU.ActiveCfg = Debug|Any CPU
		{3436F378-C3BE-4E13-94AA-0D9951165777}.Debug|Any CPU.Build.0 = Debug|Any CPU
		{3436F378-C3BE-4E13-94AA-0D9951165777}.Release|Any CPU.ActiveCfg = Release|Any CPU
		{3436F378-C3BE-4E13-94AA-0D9951165777}.Release|Any CPU.Build.0 = Release|Any CPU
		{46BF834E-E4A4-40A0-BDCB-9E6A36D41E46}.Debug|Any CPU.ActiveCfg = Debug|Any CPU
		{46BF834E-E4A4-40A0-BDCB-9E6A36D41E46}.Debug|Any CPU.Build.0 = Debug|Any CPU
		{46BF834E-E4A4-40A0-BDCB-9E6A36D41E46}.Release|Any CPU.ActiveCfg = Release|Any CPU
		{46BF834E-E4A4-40A0-BDCB-9E6A36D41E46}.Release|Any CPU.Build.0 = Release|Any CPU
		{8F1987FE-F6FF-479C-84D5-654F955648D9}.Debug|Any CPU.ActiveCfg = Debug|Any CPU
		{8F1987FE-F6FF-479C-84D5-654F955648D9}.Debug|Any CPU.Build.0 = Debug|Any CPU
		{8F1987FE-F6FF-479C-84D5-654F955648D9}.Release|Any CPU.ActiveCfg = Release|Any CPU
		{8F1987FE-F6FF-479C-84D5-654F955648D9}.Release|Any CPU.Build.0 = Release|Any CPU
		{0D56BEE3-968D-4340-AD82-37CCB407A4E2}.Debug|Any CPU.ActiveCfg = Debug|Any CPU
		{0D56BEE3-968D-4340-AD82-37CCB407A4E2}.Debug|Any CPU.Build.0 = Debug|Any CPU
		{0D56BEE3-968D-4340-AD82-37CCB407A4E2}.Release|Any CPU.ActiveCfg = Release|Any CPU
		{0D56BEE3-968D-4340-AD82-37CCB407A4E2}.Release|Any CPU.Build.0 = Release|Any CPU
		{CF881BBB-4C5A-4235-AC73-5B9FBAB1F6A6}.Debug|Any CPU.ActiveCfg = Debug|Any CPU
		{CF881BBB-4C5A-4235-AC73-5B9FBAB1F6A6}.Debug|Any CPU.Build.0 = Debug|Any CPU
		{CF881BBB-4C5A-4235-AC73-5B9FBAB1F6A6}.Release|Any CPU.ActiveCfg = Release|Any CPU
		{CF881BBB-4C5A-4235-AC73-5B9FBAB1F6A6}.Release|Any CPU.Build.0 = Release|Any CPU
	EndGlobalSection
	GlobalSection(SolutionProperties) = preSolution
		HideSolutionNode = FALSE
	EndGlobalSection
	GlobalSection(ExtensibilityGlobals) = postSolution
		SolutionGuid = {00F7EAD2-CE1C-402D-8061-2D0803DBA2AA}
	EndGlobalSection
EndGlobal
